
Microsoft Visual Studio Solution File, Format Version 12.00
# Visual Studio Version 16
VisualStudioVersion = 16.0.30804.86
MinimumVisualStudioVersion = 10.0.40219.1
Project("{9A19103F-16F7-4668-BE54-9A1E7A4F7556}") = "DBKP", "DBKP\DBKP.csproj", "{6A6C24E0-44F0-432C-BCF3-6B1ED7DB8B3A}"
EndProject
Project("{9A19103F-16F7-4668-BE54-9A1E7A4F7556}") = "Tests", "Tests\Tests.csproj", "{5B646E15-DED6-42A6-AD36-344152FF2681}"
EndProject
Project("{2150E333-8FDC-42A3-9474-1A3956D46DE8}") = "Solution Items", "Solution Items", "{397B05EA-BDED-4AA2-9B29-8BD9EBC6C168}"
	ProjectSection(SolutionItems) = preProject
		DBGenerateScript.sql = DBGenerateScript.sql
	EndProjectSection
EndProject
Global
	GlobalSection(SolutionConfigurationPlatforms) = preSolution
		Debug|Any CPU = Debug|Any CPU
		Release|Any CPU = Release|Any CPU
	EndGlobalSection
	GlobalSection(ProjectConfigurationPlatforms) = postSolution
		{6A6C24E0-44F0-432C-BCF3-6B1ED7DB8B3A}.Debug|Any CPU.ActiveCfg = Debug|Any CPU
		{6A6C24E0-44F0-432C-BCF3-6B1ED7DB8B3A}.Debug|Any CPU.Build.0 = Debug|Any CPU
		{6A6C24E0-44F0-432C-BCF3-6B1ED7DB8B3A}.Release|Any CPU.ActiveCfg = Release|Any CPU
		{6A6C24E0-44F0-432C-BCF3-6B1ED7DB8B3A}.Release|Any CPU.Build.0 = Release|Any CPU
		{5B646E15-DED6-42A6-AD36-344152FF2681}.Debug|Any CPU.ActiveCfg = Debug|Any CPU
		{5B646E15-DED6-42A6-AD36-344152FF2681}.Debug|Any CPU.Build.0 = Debug|Any CPU
		{5B646E15-DED6-42A6-AD36-344152FF2681}.Release|Any CPU.ActiveCfg = Release|Any CPU
		{5B646E15-DED6-42A6-AD36-344152FF2681}.Release|Any CPU.Build.0 = Release|Any CPU
	EndGlobalSection
	GlobalSection(SolutionProperties) = preSolution
		HideSolutionNode = FALSE
	EndGlobalSection
	GlobalSection(ExtensibilityGlobals) = postSolution
		SolutionGuid = {697340E1-F30D-49B0-BCE0-EB4C2A237D6E}
	EndGlobalSection
EndGlobal
